
Microsoft Visual Studio Solution File, Format Version 12.00
# Visual Studio Version 17
VisualStudioVersion = 17.3.32901.215
MinimumVisualStudioVersion = 10.0.40219.1
Project("{FAE04EC0-301F-11D3-BF4B-00C04F79EFBC}") = "homet2lvl3", "homet2lvl3\homet2lvl3.csproj", "{6318BD0A-51D1-49A7-A379-80C79C70D8FC}"
EndProject
Global
	GlobalSection(SolutionConfigurationPlatforms) = preSolution
		Debug|Any CPU = Debug|Any CPU
		Release|Any CPU = Release|Any CPU
	EndGlobalSection
	GlobalSection(ProjectConfigurationPlatforms) = postSolution
		{6318BD0A-51D1-49A7-A379-80C79C70D8FC}.Debug|Any CPU.ActiveCfg = Debug|Any CPU
		{6318BD0A-51D1-49A7-A379-80C79C70D8FC}.Debug|Any CPU.Build.0 = Debug|Any CPU
		{6318BD0A-51D1-49A7-A379-80C79C70D8FC}.Release|Any CPU.ActiveCfg = Release|Any CPU
		{6318BD0A-51D1-49A7-A379-80C79C70D8FC}.Release|Any CPU.Build.0 = Release|Any CPU
	EndGlobalSection
	GlobalSection(SolutionProperties) = preSolution
		HideSolutionNode = FALSE
	EndGlobalSection
	GlobalSection(ExtensibilityGlobals) = postSolution
		SolutionGuid = {6CFE0CDB-70C2-4142-AA0E-412E0F61D5DB}
	EndGlobalSection
EndGlobal
