
Microsoft Visual Studio Solution File, Format Version 12.00
# Visual Studio Version 17
VisualStudioVersion = 17.3.32901.215
MinimumVisualStudioVersion = 10.0.40219.1
Project("{FAE04EC0-301F-11D3-BF4B-00C04F79EFBC}") = "homet2lvl1", "homet2lvl1\homet2lvl1.csproj", "{EC10B7C6-B5F2-4A4D-ABFF-659B753F0CAF}"
EndProject
Global
	GlobalSection(SolutionConfigurationPlatforms) = preSolution
		Debug|Any CPU = Debug|Any CPU
		Release|Any CPU = Release|Any CPU
	EndGlobalSection
	GlobalSection(ProjectConfigurationPlatforms) = postSolution
		{EC10B7C6-B5F2-4A4D-ABFF-659B753F0CAF}.Debug|Any CPU.ActiveCfg = Debug|Any CPU
		{EC10B7C6-B5F2-4A4D-ABFF-659B753F0CAF}.Debug|Any CPU.Build.0 = Debug|Any CPU
		{EC10B7C6-B5F2-4A4D-ABFF-659B753F0CAF}.Release|Any CPU.ActiveCfg = Release|Any CPU
		{EC10B7C6-B5F2-4A4D-ABFF-659B753F0CAF}.Release|Any CPU.Build.0 = Release|Any CPU
	EndGlobalSection
	GlobalSection(SolutionProperties) = preSolution
		HideSolutionNode = FALSE
	EndGlobalSection
	GlobalSection(ExtensibilityGlobals) = postSolution
		SolutionGuid = {8B8B197B-60F8-4FFE-95C4-447C1D6366F0}
	EndGlobalSection
EndGlobal
