
Microsoft Visual Studio Solution File, Format Version 12.00
# Visual Studio Version 17
VisualStudioVersion = 17.3.32901.215
MinimumVisualStudioVersion = 10.0.40219.1
Project("{FAE04EC0-301F-11D3-BF4B-00C04F79EFBC}") = "p4", "p4\p4.csproj", "{CB21A2C4-572F-4A1A-9B1B-2DFE8027B1B6}"
EndProject
Global
	GlobalSection(SolutionConfigurationPlatforms) = preSolution
		Debug|Any CPU = Debug|Any CPU
		Release|Any CPU = Release|Any CPU
	EndGlobalSection
	GlobalSection(ProjectConfigurationPlatforms) = postSolution
		{CB21A2C4-572F-4A1A-9B1B-2DFE8027B1B6}.Debug|Any CPU.ActiveCfg = Debug|Any CPU
		{CB21A2C4-572F-4A1A-9B1B-2DFE8027B1B6}.Debug|Any CPU.Build.0 = Debug|Any CPU
		{CB21A2C4-572F-4A1A-9B1B-2DFE8027B1B6}.Release|Any CPU.ActiveCfg = Release|Any CPU
		{CB21A2C4-572F-4A1A-9B1B-2DFE8027B1B6}.Release|Any CPU.Build.0 = Release|Any CPU
	EndGlobalSection
	GlobalSection(SolutionProperties) = preSolution
		HideSolutionNode = FALSE
	EndGlobalSection
	GlobalSection(ExtensibilityGlobals) = postSolution
		SolutionGuid = {36D93D15-B09B-44A8-B462-44ECB340E4D9}
	EndGlobalSection
EndGlobal
